
Microsoft Visual Studio Solution File, Format Version 12.00
# Visual Studio 15
VisualStudioVersion = 15.0.26730.16
MinimumVisualStudioVersion = 10.0.40219.1
Project("{9A19103F-16F7-4668-BE54-9A1E7A4F7556}") = "ModCore", "ModCore\ModCore.csproj", "{1D3B8DD2-5E0C-4435-8965-3B84BB06EFBD}"
EndProject
Global
	GlobalSection(SolutionConfigurationPlatforms) = preSolution
		Debug|Any CPU = Debug|Any CPU
		Release|Any CPU = Release|Any CPU
		Hansen|Any CPU = Hansen|Any CPU
	EndGlobalSection
	GlobalSection(ProjectConfigurationPlatforms) = postSolution
		{1D3B8DD2-5E0C-4435-8965-3B84BB06EFBD}.Debug|Any CPU.ActiveCfg = Debug|Any CPU
		{1D3B8DD2-5E0C-4435-8965-3B84BB06EFBD}.Debug|Any CPU.Build.0 = Debug|Any CPU
		{1D3B8DD2-5E0C-4435-8965-3B84BB06EFBD}.Release|Any CPU.ActiveCfg = Release|Any CPU
		{1D3B8DD2-5E0C-4435-8965-3B84BB06EFBD}.Release|Any CPU.Build.0 = Release|Any CPU
		{1D3B8DD2-5E0C-4435-8965-3B84BB06EFBD}.Hansen|Any CPU.ActiveCfg = Hansen|Any CPU
		{1D3B8DD2-5E0C-4435-8965-3B84BB06EFBD}.Hansen|Any CPU.Build.0 = Hansen|Any CPU
	EndGlobalSection
	GlobalSection(SolutionProperties) = preSolution
		HideSolutionNode = FALSE
	EndGlobalSection
	GlobalSection(ExtensibilityGlobals) = postSolution
		SolutionGuid = {A60F49EF-3541-485A-BAAE-C8B7EAC2B577}
	EndGlobalSection
EndGlobal
