
Microsoft Visual Studio Solution File, Format Version 12.00
# Visual Studio Version 16
VisualStudioVersion = 16.0.31112.23
MinimumVisualStudioVersion = 10.0.40219.1
Project("{FAE04EC0-301F-11D3-BF4B-00C04F79EFBC}") = "ModCore", "ModCore\ModCore.csproj", "{6FF94188-889A-41A6-B489-00FB5939F4E1}"
EndProject
Global
	GlobalSection(SolutionConfigurationPlatforms) = preSolution
		Debug|Any CPU = Debug|Any CPU
		Release|Any CPU = Release|Any CPU
	EndGlobalSection
	GlobalSection(ProjectConfigurationPlatforms) = postSolution
		{6FF94188-889A-41A6-B489-00FB5939F4E1}.Debug|Any CPU.ActiveCfg = Debug|Any CPU
		{6FF94188-889A-41A6-B489-00FB5939F4E1}.Debug|Any CPU.Build.0 = Debug|Any CPU
		{6FF94188-889A-41A6-B489-00FB5939F4E1}.Release|Any CPU.ActiveCfg = Release|Any CPU
		{6FF94188-889A-41A6-B489-00FB5939F4E1}.Release|Any CPU.Build.0 = Release|Any CPU
	EndGlobalSection
	GlobalSection(SolutionProperties) = preSolution
		HideSolutionNode = FALSE
	EndGlobalSection
	GlobalSection(ExtensibilityGlobals) = postSolution
		SolutionGuid = {AB07E1E0-368C-4F91-92DD-4C842D1A1369}
	EndGlobalSection
EndGlobal
