
Microsoft Visual Studio Solution File, Format Version 12.00
# Visual Studio Version 17
VisualStudioVersion = 17.5.33530.505
MinimumVisualStudioVersion = 10.0.40219.1
Project("{9A19103F-16F7-4668-BE54-9A1E7A4F7556}") = "ModCore.Common.Database", "ModCore.Common.Database\ModCore.Common.Database.csproj", "{9DCC5364-47BB-4335-8E77-559B0A959AE8}"
EndProject
Project("{9A19103F-16F7-4668-BE54-9A1E7A4F7556}") = "ModCore.Services.MessageBroker", "ModCore.Services.MessageBroker\ModCore.Services.MessageBroker.csproj", "{E80FD689-2A76-42E4-94DA-86D7C652ECA6}"
EndProject
Project("{9A19103F-16F7-4668-BE54-9A1E7A4F7556}") = "ModCore.Services.Shard", "ModCore.Services.Shard\ModCore.Services.Shard.csproj", "{E0534507-7162-416C-988C-BA47C194D560}"
EndProject
Project("{9A19103F-16F7-4668-BE54-9A1E7A4F7556}") = "ModCore.Services.Api", "ModCore.Services.Api\ModCore.Services.Api.csproj", "{C544B59F-4BD0-42E1-8210-D125B03FE86A}"
EndProject
Project("{9A19103F-16F7-4668-BE54-9A1E7A4F7556}") = "ModCore.Common.Discord.Rest", "ModCore.Common.Discord.Rest\ModCore.Common.Discord.Rest.csproj", "{1CA317DE-9554-4966-839D-3B79DD4C9BE1}"
EndProject
Project("{9A19103F-16F7-4668-BE54-9A1E7A4F7556}") = "ModCore.Common.Discord.Entities", "ModCore.Common.Discord.Entities\ModCore.Common.Discord.Entities.csproj", "{D6148D1C-0F8D-4B9D-8C01-57F5CE4DBA53}"
EndProject
Project("{9A19103F-16F7-4668-BE54-9A1E7A4F7556}") = "ModCore.Common.Discord.Gateway", "ModCore.Common.Discord.Gateway\ModCore.Common.Discord.Gateway.csproj", "{15C4D42D-129F-4F3C-B711-C85D13F6D37D}"
EndProject
Project("{2150E333-8FDC-42A3-9474-1A3956D46DE8}") = "Services", "Services", "{13222A28-2536-425B-B054-0DB5CD45AE53}"
EndProject
Project("{2150E333-8FDC-42A3-9474-1A3956D46DE8}") = "Common", "Common", "{41BA1590-3611-42E3-AA71-53260FD0CBC5}"
EndProject
Project("{9A19103F-16F7-4668-BE54-9A1E7A4F7556}") = "ModCore.Common.Utils", "ModCore.Common.Utils\ModCore.Common.Utils.csproj", "{4B7155CD-BC61-43ED-8CB3-D0B8BB5B3B5D}"
EndProject
Project("{9A19103F-16F7-4668-BE54-9A1E7A4F7556}") = "ModCore.Services.Cache", "ModCore.Services.Cache\ModCore.Services.Cache.csproj", "{8079434B-0AEA-4599-845A-3EE043C2CA14}"
EndProject
Project("{FAE04EC0-301F-11D3-BF4B-00C04F79EFBC}") = "ModCore.Common.InteractionFramework", "ModCore.Common.InteractionFramework\ModCore.Common.InteractionFramework.csproj", "{3DEB52A2-299D-4F89-96D0-C7A87295E92A}"
EndProject
Global
	GlobalSection(SolutionConfigurationPlatforms) = preSolution
		Debug|Any CPU = Debug|Any CPU
		Release|Any CPU = Release|Any CPU
	EndGlobalSection
	GlobalSection(ProjectConfigurationPlatforms) = postSolution
		{9DCC5364-47BB-4335-8E77-559B0A959AE8}.Debug|Any CPU.ActiveCfg = Debug|Any CPU
		{9DCC5364-47BB-4335-8E77-559B0A959AE8}.Debug|Any CPU.Build.0 = Debug|Any CPU
		{9DCC5364-47BB-4335-8E77-559B0A959AE8}.Release|Any CPU.ActiveCfg = Release|Any CPU
		{9DCC5364-47BB-4335-8E77-559B0A959AE8}.Release|Any CPU.Build.0 = Release|Any CPU
		{E80FD689-2A76-42E4-94DA-86D7C652ECA6}.Debug|Any CPU.ActiveCfg = Debug|Any CPU
		{E80FD689-2A76-42E4-94DA-86D7C652ECA6}.Debug|Any CPU.Build.0 = Debug|Any CPU
		{E80FD689-2A76-42E4-94DA-86D7C652ECA6}.Release|Any CPU.ActiveCfg = Release|Any CPU
		{E80FD689-2A76-42E4-94DA-86D7C652ECA6}.Release|Any CPU.Build.0 = Release|Any CPU
		{E0534507-7162-416C-988C-BA47C194D560}.Debug|Any CPU.ActiveCfg = Debug|Any CPU
		{E0534507-7162-416C-988C-BA47C194D560}.Debug|Any CPU.Build.0 = Debug|Any CPU
		{E0534507-7162-416C-988C-BA47C194D560}.Release|Any CPU.ActiveCfg = Release|Any CPU
		{E0534507-7162-416C-988C-BA47C194D560}.Release|Any CPU.Build.0 = Release|Any CPU
		{C544B59F-4BD0-42E1-8210-D125B03FE86A}.Debug|Any CPU.ActiveCfg = Debug|Any CPU
		{C544B59F-4BD0-42E1-8210-D125B03FE86A}.Debug|Any CPU.Build.0 = Debug|Any CPU
		{C544B59F-4BD0-42E1-8210-D125B03FE86A}.Release|Any CPU.ActiveCfg = Release|Any CPU
		{C544B59F-4BD0-42E1-8210-D125B03FE86A}.Release|Any CPU.Build.0 = Release|Any CPU
		{1CA317DE-9554-4966-839D-3B79DD4C9BE1}.Debug|Any CPU.ActiveCfg = Debug|Any CPU
		{1CA317DE-9554-4966-839D-3B79DD4C9BE1}.Debug|Any CPU.Build.0 = Debug|Any CPU
		{1CA317DE-9554-4966-839D-3B79DD4C9BE1}.Release|Any CPU.ActiveCfg = Release|Any CPU
		{1CA317DE-9554-4966-839D-3B79DD4C9BE1}.Release|Any CPU.Build.0 = Release|Any CPU
		{D6148D1C-0F8D-4B9D-8C01-57F5CE4DBA53}.Debug|Any CPU.ActiveCfg = Debug|Any CPU
		{D6148D1C-0F8D-4B9D-8C01-57F5CE4DBA53}.Debug|Any CPU.Build.0 = Debug|Any CPU
		{D6148D1C-0F8D-4B9D-8C01-57F5CE4DBA53}.Release|Any CPU.ActiveCfg = Release|Any CPU
		{D6148D1C-0F8D-4B9D-8C01-57F5CE4DBA53}.Release|Any CPU.Build.0 = Release|Any CPU
		{15C4D42D-129F-4F3C-B711-C85D13F6D37D}.Debug|Any CPU.ActiveCfg = Debug|Any CPU
		{15C4D42D-129F-4F3C-B711-C85D13F6D37D}.Debug|Any CPU.Build.0 = Debug|Any CPU
		{15C4D42D-129F-4F3C-B711-C85D13F6D37D}.Release|Any CPU.ActiveCfg = Release|Any CPU
		{15C4D42D-129F-4F3C-B711-C85D13F6D37D}.Release|Any CPU.Build.0 = Release|Any CPU
		{4B7155CD-BC61-43ED-8CB3-D0B8BB5B3B5D}.Debug|Any CPU.ActiveCfg = Debug|Any CPU
		{4B7155CD-BC61-43ED-8CB3-D0B8BB5B3B5D}.Debug|Any CPU.Build.0 = Debug|Any CPU
		{4B7155CD-BC61-43ED-8CB3-D0B8BB5B3B5D}.Release|Any CPU.ActiveCfg = Release|Any CPU
		{4B7155CD-BC61-43ED-8CB3-D0B8BB5B3B5D}.Release|Any CPU.Build.0 = Release|Any CPU
		{8079434B-0AEA-4599-845A-3EE043C2CA14}.Debug|Any CPU.ActiveCfg = Debug|Any CPU
		{8079434B-0AEA-4599-845A-3EE043C2CA14}.Debug|Any CPU.Build.0 = Debug|Any CPU
		{8079434B-0AEA-4599-845A-3EE043C2CA14}.Release|Any CPU.ActiveCfg = Release|Any CPU
		{8079434B-0AEA-4599-845A-3EE043C2CA14}.Release|Any CPU.Build.0 = Release|Any CPU
		{3DEB52A2-299D-4F89-96D0-C7A87295E92A}.Debug|Any CPU.ActiveCfg = Debug|Any CPU
		{3DEB52A2-299D-4F89-96D0-C7A87295E92A}.Debug|Any CPU.Build.0 = Debug|Any CPU
		{3DEB52A2-299D-4F89-96D0-C7A87295E92A}.Release|Any CPU.ActiveCfg = Release|Any CPU
		{3DEB52A2-299D-4F89-96D0-C7A87295E92A}.Release|Any CPU.Build.0 = Release|Any CPU
	EndGlobalSection
	GlobalSection(SolutionProperties) = preSolution
		HideSolutionNode = FALSE
	EndGlobalSection
	GlobalSection(NestedProjects) = preSolution
		{9DCC5364-47BB-4335-8E77-559B0A959AE8} = {41BA1590-3611-42E3-AA71-53260FD0CBC5}
		{E80FD689-2A76-42E4-94DA-86D7C652ECA6} = {13222A28-2536-425B-B054-0DB5CD45AE53}
		{E0534507-7162-416C-988C-BA47C194D560} = {13222A28-2536-425B-B054-0DB5CD45AE53}
		{C544B59F-4BD0-42E1-8210-D125B03FE86A} = {13222A28-2536-425B-B054-0DB5CD45AE53}
		{1CA317DE-9554-4966-839D-3B79DD4C9BE1} = {41BA1590-3611-42E3-AA71-53260FD0CBC5}
		{D6148D1C-0F8D-4B9D-8C01-57F5CE4DBA53} = {41BA1590-3611-42E3-AA71-53260FD0CBC5}
		{15C4D42D-129F-4F3C-B711-C85D13F6D37D} = {41BA1590-3611-42E3-AA71-53260FD0CBC5}
		{4B7155CD-BC61-43ED-8CB3-D0B8BB5B3B5D} = {41BA1590-3611-42E3-AA71-53260FD0CBC5}
		{8079434B-0AEA-4599-845A-3EE043C2CA14} = {13222A28-2536-425B-B054-0DB5CD45AE53}
		{3DEB52A2-299D-4F89-96D0-C7A87295E92A} = {41BA1590-3611-42E3-AA71-53260FD0CBC5}
	EndGlobalSection
	GlobalSection(ExtensibilityGlobals) = postSolution
		SolutionGuid = {09EBF130-3F44-4893-A11C-C265A10DC043}
	EndGlobalSection
EndGlobal
