<Solution>
  <Folder Name="/Common/">
    <Project Path="ModCore.Common.Cache/ModCore.Common.Cache.csproj" />
    <Project Path="ModCore.Common.Configuration/ModCore.Common.Configuration.csproj" Id="812ae8ea-d165-4f13-9bb8-c071f02ab84c" />
    <Project Path="ModCore.Common.Cryptography/ModCore.Common.Cryptography.csproj" Id="cccfa178-9b1d-4e44-a03f-9fecfe48256d" />
    <Project Path="ModCore.Common.Database/ModCore.Common.Database.csproj" />
    <Project Path="ModCore.Common.Discord.Entities/ModCore.Common.Discord.Entities.csproj" />
    <Project Path="ModCore.Common.Discord.Gateway/ModCore.Common.Discord.Gateway.csproj" />
    <Project Path="ModCore.Common.Discord.Rest/ModCore.Common.Discord.Rest.csproj" />
    <Project Path="ModCore.Common.I18n/ModCore.Common.Language.csproj" Id="6c4bcb04-415a-4df5-aaae-c68b9208e2ed" />
    <Project Path="ModCore.Common.InteractionFramework/ModCore.Common.InteractionFramework.csproj" />
    <Project Path="ModCore.Common.PubSub/ModCore.Common.PubSub.csproj" Id="90034e70-1b90-4771-ad40-9cc7de00214e" />
    <Project Path="ModCore.Common.Utils/ModCore.Common.Utils.csproj" />
    <Project Path="ModCore.Common.Views/ModCore.Common.Views.csproj" Id="14d9660f-d4a9-4151-8775-b9263267df64" />
    <Project Path="ModCore.Common.Xaml/ModCore.Common.Xaml.csproj" />
  </Folder>
  <Folder Name="/Dockerfiles/">
    <File Path="Dockerfiles/jobs.dockerfile" />
    <File Path="Dockerfiles/rest_proxy.dockerfile" />
    <File Path="Dockerfiles/shard.dockerfile" />
    <File Path="Dockerfiles/web.dockerfile" />
  </Folder>
  <Folder Name="/Repository/">
    <File Path="../CONTRIBUTING.md" />
    <File Path="../docker-compose.dev.yml" />
    <File Path="../docker-compose.yml" />
    <File Path="../LICENSE" />
    <File Path="../README.md" />
  </Folder>
  <Folder Name="/Services/">
    <Project Path="ModCore.Services.Consumer/ModCore.Services.Consumer.csproj" Id="4ef05ca0-f59f-4c85-922b-ea5a17944cb9" />
    <Project Path="ModCore.Services.Dashboard/modcore.services.dashboard.client/modcore.services.dashboard.client.esproj">
      <Build />
      <Deploy />
    </Project>
    <Project Path="ModCore.Services.Dashboard/ModCore.Services.Dashboard.Server/ModCore.Services.Dashboard.Server.csproj" Id="5c798299-aaae-4b5c-9754-d4038210623b" />
    <Project Path="ModCore.Services.DiscordProxy/ModCore.Services.DiscordProxy.csproj" Id="dc53bbcc-c4a7-47c7-aa4c-f62178f7d9db" />
    <Project Path="ModCore.Services.GatewayIngest/ModCore.Services.GatewayIngest.csproj" Id="245e11a6-fa8a-4f7f-8a3e-3562efc2305b" />
    <Project Path="ModCore.Services.HttpIngest/ModCore.Services.HttpIngest.csproj" Id="fa1b1be2-9e16-48af-9004-724a50ae47d2" />
    <Project Path="ModCore.Services.Jobs/ModCore.Services.Jobs.csproj" />
    <Project Path="ModCore.Services.Shard/ModCore.Services.Shard.csproj" />
    <Project Path="ModCore.Services.Web/ModCore.Services.Web.csproj" />
  </Folder>
  <Folder Name="/Tools/">
    <Project Path="ModCore.Tools.DatabaseMigrator/ModCore.Tools.DatabaseMigrator.csproj" />
    <Project Path="ModCore.Tools.Keygen/ModCore.Tools.Keygen.csproj" Id="22a7d469-6d78-4532-9c06-8fb0ae363024" />
  </Folder>
</Solution>
